
Microsoft Visual Studio Solution File, Format Version 12.00
# Visual Studio Version 17
VisualStudioVersion = 17.7.34009.444
MinimumVisualStudioVersion = 10.0.40219.1
Project("{9A19103F-16F7-4668-BE54-9A1E7A4F7556}") = "MegaSena", "MegaSena.csproj", "{6787143B-C3CE-420A-AF01-79112BC2FC09}"
EndProject
Global
	GlobalSection(SolutionConfigurationPlatforms) = preSolution
		Debug|Any CPU = Debug|Any CPU
		Release|Any CPU = Release|Any CPU
	EndGlobalSection
	GlobalSection(ProjectConfigurationPlatforms) = postSolution
		{6787143B-C3CE-420A-AF01-79112BC2FC09}.Debug|Any CPU.ActiveCfg = Debug|Any CPU
		{6787143B-C3CE-420A-AF01-79112BC2FC09}.Debug|Any CPU.Build.0 = Debug|Any CPU
		{6787143B-C3CE-420A-AF01-79112BC2FC09}.Release|Any CPU.ActiveCfg = Release|Any CPU
		{6787143B-C3CE-420A-AF01-79112BC2FC09}.Release|Any CPU.Build.0 = Release|Any CPU
	EndGlobalSection
	GlobalSection(SolutionProperties) = preSolution
		HideSolutionNode = FALSE
	EndGlobalSection
	GlobalSection(ExtensibilityGlobals) = postSolution
		SolutionGuid = {8FCDE9B2-DE55-45D2-884C-B7A7863B5B96}
	EndGlobalSection
EndGlobal
